
Microsoft Visual Studio Solution File, Format Version 12.00
# Visual Studio Version 17
VisualStudioVersion = 17.0.31919.166
MinimumVisualStudioVersion = 10.0.40219.1
Project("{9A19103F-16F7-4668-BE54-9A1E7A4F7556}") = "EmployeeSignUpApp", "EmployeeSignUpApp\EmployeeSignUpApp.csproj", "{2A130EEE-CDE2-4ABD-9ACB-0C509C2C34CD}"
EndProject
Global
	GlobalSection(SolutionConfigurationPlatforms) = preSolution
		Debug|Any CPU = Debug|Any CPU
		Release|Any CPU = Release|Any CPU
	EndGlobalSection
	GlobalSection(ProjectConfigurationPlatforms) = postSolution
		{2A130EEE-CDE2-4ABD-9ACB-0C509C2C34CD}.Debug|Any CPU.ActiveCfg = Debug|Any CPU
		{2A130EEE-CDE2-4ABD-9ACB-0C509C2C34CD}.Debug|Any CPU.Build.0 = Debug|Any CPU
		{2A130EEE-CDE2-4ABD-9ACB-0C509C2C34CD}.Release|Any CPU.ActiveCfg = Release|Any CPU
		{2A130EEE-CDE2-4ABD-9ACB-0C509C2C34CD}.Release|Any CPU.Build.0 = Release|Any CPU
	EndGlobalSection
	GlobalSection(SolutionProperties) = preSolution
		HideSolutionNode = FALSE
	EndGlobalSection
	GlobalSection(ExtensibilityGlobals) = postSolution
		SolutionGuid = {E46F3339-4530-4FA8-915C-131A17838AA8}
	EndGlobalSection
EndGlobal
